{
    "_readme": [
        "This file locks the dependencies of your project to a known state",
        "Read more about it at https://getcomposer.org/doc/01-basic-usage.md#installing-dependencies",
        "This file is @generated automatically"
    ],
    "content-hash": "2fc1b348b21bfd4e3bcbd654e77df8c9",
    "packages": [
        {
            "name": "jiguang/jmessage",
            "version": "1.1.13",
            "source": {
                "type": "git",
                "url": "https://github.com/jpush/jmessage-api-php-client.git",
                "reference": "76febabfd673a9428a192adb8cd5a2e1b7d2c7a0"
            },
            "dist": {
                "type": "zip",
                "url": "https://api.github.com/repos/jpush/jmessage-api-php-client/zipball/76febabfd673a9428a192adb8cd5a2e1b7d2c7a0",
                "reference": "76febabfd673a9428a192adb8cd5a2e1b7d2c7a0",
                "shasum": ""
            },
            "require": {
                "ext-curl": "*",
                "php": ">=5.4"
            },
            "type": "library",
            "autoload": {
                "psr-4": {
                    "JMessage\\": "src/JMessage/"
                }
            },
            "notification-url": "https://packagist.org/downloads/",
            "license": [
                "MIT"
            ],
            "authors": [
                {
                    "name": "JiGuang",
                    "email": "support@jpush.cn",
                    "homepage": "https://www.jiguang.cn"
                }
            ],
            "description": "JMessage's officially supported PHP client library for accessing JMessage APIs.",
            "homepage": "https://github.com/jpush/jmessage-api-php-client",
            "keywords": [
                "api client",
                "jiguang",
                "jmessage"
            ],
            "time": "2018-12-11T02:07:31+00:00"
        },
        {
            "name": "jpush/jpush",
            "version": "v3.x-dev",
            "source": {
                "type": "git",
                "url": "https://github.com/jpush/jpush-api-php-client.git",
                "reference": "b16520e84cdd117a0fc262a4a8e6569104e1cda5"
            },
            "dist": {
                "type": "zip",
                "url": "https://api.github.com/repos/jpush/jpush-api-php-client/zipball/b16520e84cdd117a0fc262a4a8e6569104e1cda5",
                "reference": "b16520e84cdd117a0fc262a4a8e6569104e1cda5",
                "shasum": ""
            },
            "require": {
                "ext-curl": "*",
                "php": ">=5.1"
            },
            "require-dev": {
                "phpunit/phpunit": "*"
            },
            "type": "library",
            "autoload": {
                "psr-0": {
                    "jpush": "src/"
                },
                "files": [
                    "src/JPush/JPush.php"
                ]
            },
            "notification-url": "https://packagist.org/downloads/",
            "license": [
                "Apache"
            ],
            "authors": [
                {
                    "name": "JPush",
                    "email": "support@jpush.cn",
                    "homepage": "https://www.jpush.cn/",
                    "role": "Developer"
                }
            ],
            "description": "JPush API PHP Client",
            "homepage": "http://docs.jpush.cn/display/dev/Push-API-v3",
            "time": "2017-01-24T03:12:40+00:00"
        }
    ],
    "packages-dev": [],
    "aliases": [],
    "minimum-stability": "dev",
    "stability-flags": [],
    "prefer-stable": false,
    "prefer-lowest": false,
    "platform": [],
    "platform-dev": []
}
